
Microsoft Visual Studio Solution File, Format Version 12.00
# Visual Studio Version 16
VisualStudioVersion = 16.0.31129.286
MinimumVisualStudioVersion = 10.0.40219.1
Project("{FAE04EC0-301F-11D3-BF4B-00C04F79EFBC}") = "PlanTables", "PlanTables\PlanTables.csproj", "{18768CC8-E798-49A3-82A7-2CAE7573701B}"
EndProject
Project("{54435603-DBB4-11D2-8724-00A0C9A8B90C}") = "PlanTablesSetUp", "PlanTablesSetUp\PlanTablesSetUp.vdproj", "{BBD586F3-C3D1-4E0D-8DB1-A2E2613A8163}"
EndProject
Global
	GlobalSection(SolutionConfigurationPlatforms) = preSolution
		Debug|Any CPU = Debug|Any CPU
		Release|Any CPU = Release|Any CPU
	EndGlobalSection
	GlobalSection(ProjectConfigurationPlatforms) = postSolution
		{18768CC8-E798-49A3-82A7-2CAE7573701B}.Debug|Any CPU.ActiveCfg = Debug|Any CPU
		{18768CC8-E798-49A3-82A7-2CAE7573701B}.Debug|Any CPU.Build.0 = Debug|Any CPU
		{18768CC8-E798-49A3-82A7-2CAE7573701B}.Release|Any CPU.ActiveCfg = Release|Any CPU
		{18768CC8-E798-49A3-82A7-2CAE7573701B}.Release|Any CPU.Build.0 = Release|Any CPU
		{BBD586F3-C3D1-4E0D-8DB1-A2E2613A8163}.Debug|Any CPU.ActiveCfg = Debug
		{BBD586F3-C3D1-4E0D-8DB1-A2E2613A8163}.Release|Any CPU.ActiveCfg = Release
	EndGlobalSection
	GlobalSection(SolutionProperties) = preSolution
		HideSolutionNode = FALSE
	EndGlobalSection
	GlobalSection(ExtensibilityGlobals) = postSolution
		SolutionGuid = {908F9143-A446-4247-BF25-FDAE95EC70D2}
	EndGlobalSection
EndGlobal
